// !$*UTF8*$!
{
	archiveVersion = 1;
	classes = {
	};
	objectVersion = 46;
	objects = {

/* Begin PBXBuildFile section */
		9474EE031B73ABDA00D698CB /* AppDelegate.swift in Sources */ = {isa = PBXBuildFile; fileRef = 9474EE021B73ABDA00D698CB /* AppDelegate.swift */; };
		9474EE051B73ABDA00D698CB /* ViewController.swift in Sources */ = {isa = PBXBuildFile; fileRef = 9474EE041B73ABDA00D698CB /* ViewController.swift */; };
		9474EE081B73ABDA00D698CB /* Main.storyboard in Resources */ = {isa = PBXBuildFile; fileRef = 9474EE061B73ABDA00D698CB /* Main.storyboard */; };
		9474EE0A1B73ABDA00D698CB /* Images.xcassets in Resources */ = {isa = PBXBuildFile; fileRef = 9474EE091B73ABDA00D698CB /* Images.xcassets */; };
		9474EE0D1B73ABDA00D698CB /* LaunchScreen.xib in Resources */ = {isa = PBXBuildFile; fileRef = 9474EE0B1B73ABDA00D698CB /* LaunchScreen.xib */; };
		9474EE191B73ABDA00D698CB /* Photo_PannerTests.swift in Sources */ = {isa = PBXBuildFile; fileRef = 9474EE181B73ABDA00D698CB /* Photo_PannerTests.swift */; };
		9474EE231B75080C00D698CB /* mountain.jpg in Resources */ = {isa = PBXBuildFile; fileRef = 9474EE221B75080C00D698CB /* mountain.jpg */; };
		EB1805F21B96C5A700806213 /* image1.jpeg in Resources */ = {isa = PBXBuildFile; fileRef = EB1805F11B96C5A700806213 /* image1.jpeg */; };
/* End PBXBuildFile section */

/* Begin PBXContainerItemProxy section */
		9474EE131B73ABDA00D698CB /* PBXContainerItemProxy */ = {
			isa = PBXContainerItemProxy;
			containerPortal = 9474EDF51B73ABDA00D698CB /* Project object */;
			proxyType = 1;
			remoteGlobalIDString = 9474EDFC1B73ABDA00D698CB;
			remoteInfo = "Photo Panner";
		};
/* End PBXContainerItemProxy section */

/* Begin PBXFileReference section */
		9474EDFD1B73ABDA00D698CB /* Photo Panner.app */ = {isa = PBXFileReference; explicitFileType = wrapper.application; includeInIndex = 0; path = "Photo Panner.app"; sourceTree = BUILT_PRODUCTS_DIR; };
		9474EE011B73ABDA00D698CB /* Info.plist */ = {isa = PBXFileReference; lastKnownFileType = text.plist.xml; path = Info.plist; sourceTree = "<group>"; };
		9474EE021B73ABDA00D698CB /* AppDelegate.swift */ = {isa = PBXFileReference; lastKnownFileType = sourcecode.swift; path = AppDelegate.swift; sourceTree = "<group>"; };
		9474EE041B73ABDA00D698CB /* ViewController.swift */ = {isa = PBXFileReference; lastKnownFileType = sourcecode.swift; path = ViewController.swift; sourceTree = "<group>"; };
		9474EE071B73ABDA00D698CB /* Base */ = {isa = PBXFileReference; lastKnownFileType = file.storyboard; name = Base; path = Base.lproj/Main.storyboard; sourceTree = "<group>"; };
		9474EE091B73ABDA00D698CB /* Images.xcassets */ = {isa = PBXFileReference; lastKnownFileType = folder.assetcatalog; path = Images.xcassets; sourceTree = "<group>"; };
		9474EE0C1B73ABDA00D698CB /* Base */ = {isa = PBXFileReference; lastKnownFileType = file.xib; name = Base; path = Base.lproj/LaunchScreen.xib; sourceTree = "<group>"; };
		9474EE121B73ABDA00D698CB /* Photo PannerTests.xctest */ = {isa = PBXFileReference; explicitFileType = wrapper.cfbundle; includeInIndex = 0; path = "Photo PannerTests.xctest"; sourceTree = BUILT_PRODUCTS_DIR; };
		9474EE171B73ABDA00D698CB /* Info.plist */ = {isa = PBXFileReference; lastKnownFileType = text.plist.xml; path = Info.plist; sourceTree = "<group>"; };
		9474EE181B73ABDA00D698CB /* Photo_PannerTests.swift */ = {isa = PBXFileReference; lastKnownFileType = sourcecode.swift; path = Photo_PannerTests.swift; sourceTree = "<group>"; };
		9474EE221B75080C00D698CB /* mountain.jpg */ = {isa = PBXFileReference; lastKnownFileType = image.jpeg; path = mountain.jpg; sourceTree = "<group>"; };
		EB1805F11B96C5A700806213 /* image1.jpeg */ = {isa = PBXFileReference; lastKnownFileType = image.jpeg; path = image1.jpeg; sourceTree = "<group>"; };
/* End PBXFileReference section */

/* Begin PBXFrameworksBuildPhase section */
		9474EDFA1B73ABDA00D698CB /* Frameworks */ = {
			isa = PBXFrameworksBuildPhase;
			buildActionMask = 2147483647;
			files = (
			);
			runOnlyForDeploymentPostprocessing = 0;
		};
		9474EE0F1B73ABDA00D698CB /* Frameworks */ = {
			isa = PBXFrameworksBuildPhase;
			buildActionMask = 2147483647;
			files = (
			);
			runOnlyForDeploymentPostprocessing = 0;
		};
/* End PBXFrameworksBuildPhase section */

/* Begin PBXGroup section */
		9474EDF41B73ABDA00D698CB = {
			isa = PBXGroup;
			children = (
				9474EDFF1B73ABDA00D698CB /* Photo Panner */,
				9474EE151B73ABDA00D698CB /* Photo PannerTests */,
				9474EDFE1B73ABDA00D698CB /* Products */,
			);
			sourceTree = "<group>";
		};
		9474EDFE1B73ABDA00D698CB /* Products */ = {
			isa = PBXGroup;
			children = (
				9474EDFD1B73ABDA00D698CB /* Photo Panner.app */,
				9474EE121B73ABDA00D698CB /* Photo PannerTests.xctest */,
			);
			name = Products;
			sourceTree = "<group>";
		};
		9474EDFF1B73ABDA00D698CB /* Photo Panner */ = {
			isa = PBXGroup;
			children = (
				9474EE021B73ABDA00D698CB /* AppDelegate.swift */,
				9474EE041B73ABDA00D698CB /* ViewController.swift */,
				9474EE061B73ABDA00D698CB /* Main.storyboard */,
				9474EE091B73ABDA00D698CB /* Images.xcassets */,
				9474EE0B1B73ABDA00D698CB /* LaunchScreen.xib */,
				EB1805F11B96C5A700806213 /* image1.jpeg */,
				9474EE221B75080C00D698CB /* mountain.jpg */,
				9474EE001B73ABDA00D698CB /* Supporting Files */,
			);
			path = "Photo Panner";
			sourceTree = "<group>";
		};
		9474EE001B73ABDA00D698CB /* Supporting Files */ = {
			isa = PBXGroup;
			children = (
				9474EE011B73ABDA00D698CB /* Info.plist */,
			);
			name = "Supporting Files";
			sourceTree = "<group>";
		};
		9474EE151B73ABDA00D698CB /* Photo PannerTests */ = {
			isa = PBXGroup;
			children = (
				9474EE181B73ABDA00D698CB /* Photo_PannerTests.swift */,
				9474EE161B73ABDA00D698CB /* Supporting Files */,
			);
			path = "Photo PannerTests";
			sourceTree = "<group>";
		};
		9474EE161B73ABDA00D698CB /* Supporting Files */ = {
			isa = PBXGroup;
			children = (
				9474EE171B73ABDA00D698CB /* Info.plist */,
			);
			name = "Supporting Files";
			sourceTree = "<group>";
		};
/* End PBXGroup section */

/* Begin PBXNativeTarget section */
		9474EDFC1B73ABDA00D698CB /* Photo Panner */ = {
			isa = PBXNativeTarget;
			buildConfigurationList = 9474EE1C1B73ABDA00D698CB /* Build configuration list for PBXNativeTarget "Photo Panner" */;
			buildPhases = (
				9474EDF91B73ABDA00D698CB /* Sources */,
				9474EDFA1B73ABDA00D698CB /* Frameworks */,
				9474EDFB1B73ABDA00D698CB /* Resources */,
			);
			buildRules = (
			);
			dependencies = (
			);
			name = "Photo Panner";
			productName = "Photo Panner";
			productReference = 9474EDFD1B73ABDA00D698CB /* Photo Panner.app */;
			productType = "com.apple.product-type.application";
		};
		9474EE111B73ABDA00D698CB /* Photo PannerTests */ = {
			isa = PBXNativeTarget;
			buildConfigurationList = 9474EE1F1B73ABDA00D698CB /* Build configuration list for PBXNativeTarget "Photo PannerTests" */;
			buildPhases = (
				9474EE0E1B73ABDA00D698CB /* Sources */,
				9474EE0F1B73ABDA00D698CB /* Frameworks */,
				9474EE101B73ABDA00D698CB /* Resources */,
			);
			buildRules = (
			);
			dependencies = (
				9474EE141B73ABDA00D698CB /* PBXTargetDependency */,
			);
			name = "Photo PannerTests";
			productName = "Photo PannerTests";
			productReference = 9474EE121B73ABDA00D698CB /* Photo PannerTests.xctest */;
			productType = "com.apple.product-type.bundle.unit-test";
		};
/* End PBXNativeTarget section */

/* Begin PBXProject section */
		9474EDF51B73ABDA00D698CB /* Project object */ = {
			isa = PBXProject;
			attributes = {
				LastUpgradeCheck = 0640;
				ORGANIZATIONNAME = "Justin Vallely";
				TargetAttributes = {
					9474EDFC1B73ABDA00D698CB = {
						CreatedOnToolsVersion = 6.4;
					};
					9474EE111B73ABDA00D698CB = {
						CreatedOnToolsVersion = 6.4;
						TestTargetID = 9474EDFC1B73ABDA00D698CB;
					};
				};
			};
			buildConfigurationList = 9474EDF81B73ABDA00D698CB /* Build configuration list for PBXProject "Photo Panner" */;
			compatibilityVersion = "Xcode 3.2";
			developmentRegion = English;
			hasScannedForEncodings = 0;
			knownRegions = (
				en,
				Base,
			);
			mainGroup = 9474EDF41B73ABDA00D698CB;
			productRefGroup = 9474EDFE1B73ABDA00D698CB /* Products */;
			projectDirPath = "";
			projectRoot = "";
			targets = (
				9474EDFC1B73ABDA00D698CB /* Photo Panner */,
				9474EE111B73ABDA00D698CB /* Photo PannerTests */,
			);
		};
/* End PBXProject section */

/* Begin PBXResourcesBuildPhase section */
		9474EDFB1B73ABDA00D698CB /* Resources */ = {
			isa = PBXResourcesBuildPhase;
			buildActionMask = 2147483647;
			files = (
				9474EE081B73ABDA00D698CB /* Main.storyboard in Resources */,
				9474EE0D1B73ABDA00D698CB /* LaunchScreen.xib in Resources */,
				9474EE231B75080C00D698CB /* mountain.jpg in Resources */,
				EB1805F21B96C5A700806213 /* image1.jpeg in Resources */,
				9474EE0A1B73ABDA00D698CB /* Images.xcassets in Resources */,
			);
			runOnlyForDeploymentPostprocessing = 0;
		};
		9474EE101B73ABDA00D698CB /* Resources */ = {
			isa = PBXResourcesBuildPhase;
			buildActionMask = 2147483647;
			files = (
			);
			runOnlyForDeploymentPostprocessing = 0;
		};
/* End PBXResourcesBuildPhase section */

/* Begin PBXSourcesBuildPhase section */
		9474EDF91B73ABDA00D698CB /* Sources */ = {
			isa = PBXSourcesBuildPhase;
			buildActionMask = 2147483647;
			files = (
				9474EE051B73ABDA00D698CB /* ViewController.swift in Sources */,
				9474EE031B73ABDA00D698CB /* AppDelegate.swift in Sources */,
			);
			runOnlyForDeploymentPostprocessing = 0;
		};
		9474EE0E1B73ABDA00D698CB /* Sources */ = {
			isa = PBXSourcesBuildPhase;
			buildActionMask = 2147483647;
			files = (
				9474EE191B73ABDA00D698CB /* Photo_PannerTests.swift in Sources */,
			);
			runOnlyForDeploymentPostprocessing = 0;
		};
/* End PBXSourcesBuildPhase section */

/* Begin PBXTargetDependency section */
		9474EE141B73ABDA00D698CB /* PBXTargetDependency */ = {
			isa = PBXTargetDependency;
			target = 9474EDFC1B73ABDA00D698CB /* Photo Panner */;
			targetProxy = 9474EE131B73ABDA00D698CB /* PBXContainerItemProxy */;
		};
/* End PBXTargetDependency section */

/* Begin PBXVariantGroup section */
		9474EE061B73ABDA00D698CB /* Main.storyboard */ = {
			isa = PBXVariantGroup;
			children = (
				9474EE071B73ABDA00D698CB /* Base */,
			);
			name = Main.storyboard;
			sourceTree = "<group>";
		};
		9474EE0B1B73ABDA00D698CB /* LaunchScreen.xib */ = {
			isa = PBXVariantGroup;
			children = (
				9474EE0C1B73ABDA00D698CB /* Base */,
			);
			name = LaunchScreen.xib;
			sourceTree = "<group>";
		};
/* End PBXVariantGroup section */

/* Begin XCBuildConfiguration section */
		9474EE1A1B73ABDA00D698CB /* Debug */ = {
			isa = XCBuildConfiguration;
			buildSettings = {
				ALWAYS_SEARCH_USER_PATHS = NO;
				CLANG_CXX_LANGUAGE_STANDARD = "gnu++0x";
				CLANG_CXX_LIBRARY = "libc++";
				CLANG_ENABLE_MODULES = YES;
				CLANG_ENABLE_OBJC_ARC = YES;
				CLANG_WARN_BOOL_CONVERSION = YES;
				CLANG_WARN_CONSTANT_CONVERSION = YES;
				CLANG_WARN_DIRECT_OBJC_ISA_USAGE = YES_ERROR;
				CLANG_WARN_EMPTY_BODY = YES;
				CLANG_WARN_ENUM_CONVERSION = YES;
				CLANG_WARN_INT_CONVERSION = YES;
				CLANG_WARN_OBJC_ROOT_CLASS = YES_ERROR;
				CLANG_WARN_UNREACHABLE_CODE = YES;
				CLANG_WARN__DUPLICATE_METHOD_MATCH = YES;
				"CODE_SIGN_IDENTITY[sdk=iphoneos*]" = "iPhone Developer";
				COPY_PHASE_STRIP = NO;
				DEBUG_INFORMATION_FORMAT = "dwarf-with-dsym";
				ENABLE_STRICT_OBJC_MSGSEND = YES;
				GCC_C_LANGUAGE_STANDARD = gnu99;
				GCC_DYNAMIC_NO_PIC = NO;
				GCC_NO_COMMON_BLOCKS = YES;
				GCC_OPTIMIZATION_LEVEL = 0;
				GCC_PREPROCESSOR_DEFINITIONS = (
					"DEBUG=1",
					"$(inherited)",
				);
				GCC_SYMBOLS_PRIVATE_EXTERN = NO;
				GCC_WARN_64_TO_32_BIT_CONVERSION = YES;
				GCC_WARN_ABOUT_RETURN_TYPE = YES_ERROR;
				GCC_WARN_UNDECLARED_SELECTOR = YES;
				GCC_WARN_UNINITIALIZED_AUTOS = YES_AGGRESSIVE;
				GCC_WARN_UNUSED_FUNCTION = YES;
				GCC_WARN_UNUSED_VARIABLE = YES;
				IPHONEOS_DEPLOYMENT_TARGET = 8.4;
				MTL_ENABLE_DEBUG_INFO = YES;
				ONLY_ACTIVE_ARCH = YES;
				SDKROOT = iphoneos;
				SWIFT_OPTIMIZATION_LEVEL = "-Onone";
				TARGETED_DEVICE_FAMILY = "1,2";
			};
			name = Debug;
		};
		9474EE1B1B73ABDA00D698CB /* Release */ = {
			isa = XCBuildConfiguration;
			buildSettings = {
				ALWAYS_SEARCH_USER_PATHS = NO;
				CLANG_CXX_LANGUAGE_STANDARD = "gnu++0x";
				CLANG_CXX_LIBRARY = "libc++";
				CLANG_ENABLE_MODULES = YES;
				CLANG_ENABLE_OBJC_ARC = YES;
				CLANG_WARN_BOOL_CONVERSION = YES;
				CLANG_WARN_CONSTANT_CONVERSION = YES;
				CLANG_WARN_DIRECT_OBJC_ISA_USAGE = YES_ERROR;
				CLANG_WARN_EMPTY_BODY = YES;
				CLANG_WARN_ENUM_CONVERSION = YES;
				CLANG_WARN_INT_CONVERSION = YES;
				CLANG_WARN_OBJC_ROOT_CLASS = YES_ERROR;
				CLANG_WARN_UNREACHABLE_CODE = YES;
				CLANG_WARN__DUPLICATE_METHOD_MATCH = YES;
				"CODE_SIGN_IDENTITY[sdk=iphoneos*]" = "iPhone Developer";
				COPY_PHASE_STRIP = NO;
				DEBUG_INFORMATION_FORMAT = "dwarf-with-dsym";
				ENABLE_NS_ASSERTIONS = NO;
				ENABLE_STRICT_OBJC_MSGSEND = YES;
				GCC_C_LANGUAGE_STANDARD = gnu99;
				GCC_NO_COMMON_BLOCKS = YES;
				GCC_WARN_64_TO_32_BIT_CONVERSION = YES;
				GCC_WARN_ABOUT_RETURN_TYPE = YES_ERROR;
				GCC_WARN_UNDECLARED_SELECTOR = YES;
				GCC_WARN_UNINITIALIZED_AUTOS = YES_AGGRESSIVE;
				GCC_WARN_UNUSED_FUNCTION = YES;
				GCC_WARN_UNUSED_VARIABLE = YES;
				IPHONEOS_DEPLOYMENT_TARGET = 8.4;
				MTL_ENABLE_DEBUG_INFO = NO;
				SDKROOT = iphoneos;
				TARGETED_DEVICE_FAMILY = "1,2";
				VALIDATE_PRODUCT = YES;
			};
			name = Release;
		};
		9474EE1D1B73ABDA00D698CB /* Debug */ = {
			isa = XCBuildConfiguration;
			buildSettings = {
				ASSETCATALOG_COMPILER_APPICON_NAME = AppIcon;
				INFOPLIST_FILE = "Photo Panner/Info.plist";
				IPHONEOS_DEPLOYMENT_TARGET = 8.2;
				LD_RUNPATH_SEARCH_PATHS = "$(inherited) @executable_path/Frameworks";
				PRODUCT_NAME = "$(TARGET_NAME)";
			};
			name = Debug;
		};
		9474EE1E1B73ABDA00D698CB /* Release */ = {
			isa = XCBuildConfiguration;
			buildSettings = {
				ASSETCATALOG_COMPILER_APPICON_NAME = AppIcon;
				INFOPLIST_FILE = "Photo Panner/Info.plist";
				IPHONEOS_DEPLOYMENT_TARGET = 8.2;
				LD_RUNPATH_SEARCH_PATHS = "$(inherited) @executable_path/Frameworks";
				PRODUCT_NAME = "$(TARGET_NAME)";
			};
			name = Release;
		};
		9474EE201B73ABDA00D698CB /* Debug */ = {
			isa = XCBuildConfiguration;
			buildSettings = {
				BUNDLE_LOADER = "$(TEST_HOST)";
				FRAMEWORK_SEARCH_PATHS = (
					"$(SDKROOT)/Developer/Library/Frameworks",
					"$(inherited)",
				);
				GCC_PREPROCESSOR_DEFINITIONS = (
					"DEBUG=1",
					"$(inherited)",
				);
				INFOPLIST_FILE = "Photo PannerTests/Info.plist";
				LD_RUNPATH_SEARCH_PATHS = "$(inherited) @executable_path/Frameworks @loader_path/Frameworks";
				PRODUCT_NAME = "$(TARGET_NAME)";
				TEST_HOST = "$(BUILT_PRODUCTS_DIR)/Photo Panner.app/Photo Panner";
			};
			name = Debug;
		};
		9474EE211B73ABDA00D698CB /* Release */ = {
			isa = XCBuildConfiguration;
			buildSettings = {
				BUNDLE_LOADER = "$(TEST_HOST)";
				FRAMEWORK_SEARCH_PATHS = (
					"$(SDKROOT)/Developer/Library/Frameworks",
					"$(inherited)",
				);
				INFOPLIST_FILE = "Photo PannerTests/Info.plist";
				LD_RUNPATH_SEARCH_PATHS = "$(inherited) @executable_path/Frameworks @loader_path/Frameworks";
				PRODUCT_NAME = "$(TARGET_NAME)";
				TEST_HOST = "$(BUILT_PRODUCTS_DIR)/Photo Panner.app/Photo Panner";
			};
			name = Release;
		};
/* End XCBuildConfiguration section */

/* Begin XCConfigurationList section */
		9474EDF81B73ABDA00D698CB /* Build configuration list for PBXProject "Photo Panner" */ = {
			isa = XCConfigurationList;
			buildConfigurations = (
				9474EE1A1B73ABDA00D698CB /* Debug */,
				9474EE1B1B73ABDA00D698CB /* Release */,
			);
			defaultConfigurationIsVisible = 0;
			defaultConfigurationName = Release;
		};
		9474EE1C1B73ABDA00D698CB /* Build configuration list for PBXNativeTarget "Photo Panner" */ = {
			isa = XCConfigurationList;
			buildConfigurations = (
				9474EE1D1B73ABDA00D698CB /* Debug */,
				9474EE1E1B73ABDA00D698CB /* Release */,
			);
			defaultConfigurationIsVisible = 0;
			defaultConfigurationName = Release;
		};
		9474EE1F1B73ABDA00D698CB /* Build configuration list for PBXNativeTarget "Photo PannerTests" */ = {
			isa = XCConfigurationList;
			buildConfigurations = (
				9474EE201B73ABDA00D698CB /* Debug */,
				9474EE211B73ABDA00D698CB /* Release */,
			);
			defaultConfigurationIsVisible = 0;
			defaultConfigurationName = Release;
		};
/* End XCConfigurationList section */
	};
	rootObject = 9474EDF51B73ABDA00D698CB /* Project object */;
}
